
Microsoft Visual Studio Solution File, Format Version 12.00
# Visual Studio Version 16
VisualStudioVersion = 16.0.29001.49
MinimumVisualStudioVersion = 10.0.40219.1
Project("{8BC9CEB8-8B4A-11D0-8D11-00A0C91BC942}") = "RayTracer", "RayTracer\RayTracer.vcxproj", "{B93EF0A4-80E9-4E45-A204-85DA2189AA97}"
EndProject
Global
	GlobalSection(SolutionConfigurationPlatforms) = preSolution
		Debug|x64 = Debug|x64
		Debug|x86 = Debug|x86
		Release|x64 = Release|x64
		Release|x86 = Release|x86
	EndGlobalSection
	GlobalSection(ProjectConfigurationPlatforms) = postSolution
		{B93EF0A4-80E9-4E45-A204-85DA2189AA97}.Debug|x64.ActiveCfg = Debug|x64
		{B93EF0A4-80E9-4E45-A204-85DA2189AA97}.Debug|x64.Build.0 = Debug|x64
		{B93EF0A4-80E9-4E45-A204-85DA2189AA97}.Debug|x86.ActiveCfg = Debug|Win32
		{B93EF0A4-80E9-4E45-A204-85DA2189AA97}.Debug|x86.Build.0 = Debug|Win32
		{B93EF0A4-80E9-4E45-A204-85DA2189AA97}.Release|x64.ActiveCfg = Release|x64
		{B93EF0A4-80E9-4E45-A204-85DA2189AA97}.Release|x64.Build.0 = Release|x64
		{B93EF0A4-80E9-4E45-A204-85DA2189AA97}.Release|x86.ActiveCfg = Release|Win32
		{B93EF0A4-80E9-4E45-A204-85DA2189AA97}.Release|x86.Build.0 = Release|Win32
	EndGlobalSection
	GlobalSection(SolutionProperties) = preSolution
		HideSolutionNode = FALSE
	EndGlobalSection
	GlobalSection(ExtensibilityGlobals) = postSolution
		SolutionGuid = {27948B62-54BD-45C0-B1DB-5B35EC3D59D4}
	EndGlobalSection
EndGlobal
